
Microsoft Visual Studio Solution File, Format Version 12.00
# Visual Studio 15
VisualStudioVersion = 15.0.28307.329
MinimumVisualStudioVersion = 10.0.40219.1
Project("{8BC9CEB8-8B4A-11D0-8D11-00A0C91BC942}") = "dda", "dda\dda.vcxproj", "{1FB57D4B-05FC-4106-A1C3-96BA1063BFCE}"
EndProject
Project("{8BC9CEB8-8B4A-11D0-8D11-00A0C91BC942}") = "sample", "sample\sample.vcxproj", "{9F3689AE-1533-4298-8F76-032911747A4A}"
EndProject
Project("{8BC9CEB8-8B4A-11D0-8D11-00A0C91BC942}") = "prog2_triangle", "prog2_triangle\prog2_triangle.vcxproj", "{9B2E9883-9378-4695-981B-45A39ACE0299}"
EndProject
Project("{8BC9CEB8-8B4A-11D0-8D11-00A0C91BC942}") = "prog3_cube", "prog3_cube\prog3_cube.vcxproj", "{D6CAB43C-56AE-4695-BDAB-17788C1FC251}"
EndProject
Project("{8BC9CEB8-8B4A-11D0-8D11-00A0C91BC942}") = "prog4_camera", "prog4_camera\prog4_camera.vcxproj", "{05F852C3-9BEE-4701-A452-02DA8F4A0326}"
EndProject
Project("{8BC9CEB8-8B4A-11D0-8D11-00A0C91BC942}") = "prog5_sutherland", "prog5_sutherland\prog5_sutherland.vcxproj", "{63A3982A-98EA-4DFD-BDF5-06BFEEAF710B}"
EndProject
Global
	GlobalSection(SolutionConfigurationPlatforms) = preSolution
		Debug|x64 = Debug|x64
		Debug|x86 = Debug|x86
		Release|x64 = Release|x64
		Release|x86 = Release|x86
	EndGlobalSection
	GlobalSection(ProjectConfigurationPlatforms) = postSolution
		{1FB57D4B-05FC-4106-A1C3-96BA1063BFCE}.Debug|x64.ActiveCfg = Debug|x64
		{1FB57D4B-05FC-4106-A1C3-96BA1063BFCE}.Debug|x64.Build.0 = Debug|x64
		{1FB57D4B-05FC-4106-A1C3-96BA1063BFCE}.Debug|x86.ActiveCfg = Debug|Win32
		{1FB57D4B-05FC-4106-A1C3-96BA1063BFCE}.Debug|x86.Build.0 = Debug|Win32
		{1FB57D4B-05FC-4106-A1C3-96BA1063BFCE}.Release|x64.ActiveCfg = Release|x64
		{1FB57D4B-05FC-4106-A1C3-96BA1063BFCE}.Release|x64.Build.0 = Release|x64
		{1FB57D4B-05FC-4106-A1C3-96BA1063BFCE}.Release|x86.ActiveCfg = Release|Win32
		{1FB57D4B-05FC-4106-A1C3-96BA1063BFCE}.Release|x86.Build.0 = Release|Win32
		{9F3689AE-1533-4298-8F76-032911747A4A}.Debug|x64.ActiveCfg = Debug|x64
		{9F3689AE-1533-4298-8F76-032911747A4A}.Debug|x64.Build.0 = Debug|x64
		{9F3689AE-1533-4298-8F76-032911747A4A}.Debug|x86.ActiveCfg = Debug|Win32
		{9F3689AE-1533-4298-8F76-032911747A4A}.Debug|x86.Build.0 = Debug|Win32
		{9F3689AE-1533-4298-8F76-032911747A4A}.Release|x64.ActiveCfg = Release|x64
		{9F3689AE-1533-4298-8F76-032911747A4A}.Release|x64.Build.0 = Release|x64
		{9F3689AE-1533-4298-8F76-032911747A4A}.Release|x86.ActiveCfg = Release|Win32
		{9F3689AE-1533-4298-8F76-032911747A4A}.Release|x86.Build.0 = Release|Win32
		{9B2E9883-9378-4695-981B-45A39ACE0299}.Debug|x64.ActiveCfg = Debug|x64
		{9B2E9883-9378-4695-981B-45A39ACE0299}.Debug|x64.Build.0 = Debug|x64
		{9B2E9883-9378-4695-981B-45A39ACE0299}.Debug|x86.ActiveCfg = Debug|Win32
		{9B2E9883-9378-4695-981B-45A39ACE0299}.Debug|x86.Build.0 = Debug|Win32
		{9B2E9883-9378-4695-981B-45A39ACE0299}.Release|x64.ActiveCfg = Release|x64
		{9B2E9883-9378-4695-981B-45A39ACE0299}.Release|x64.Build.0 = Release|x64
		{9B2E9883-9378-4695-981B-45A39ACE0299}.Release|x86.ActiveCfg = Release|Win32
		{9B2E9883-9378-4695-981B-45A39ACE0299}.Release|x86.Build.0 = Release|Win32
		{D6CAB43C-56AE-4695-BDAB-17788C1FC251}.Debug|x64.ActiveCfg = Debug|x64
		{D6CAB43C-56AE-4695-BDAB-17788C1FC251}.Debug|x64.Build.0 = Debug|x64
		{D6CAB43C-56AE-4695-BDAB-17788C1FC251}.Debug|x86.ActiveCfg = Debug|Win32
		{D6CAB43C-56AE-4695-BDAB-17788C1FC251}.Debug|x86.Build.0 = Debug|Win32
		{D6CAB43C-56AE-4695-BDAB-17788C1FC251}.Release|x64.ActiveCfg = Release|x64
		{D6CAB43C-56AE-4695-BDAB-17788C1FC251}.Release|x64.Build.0 = Release|x64
		{D6CAB43C-56AE-4695-BDAB-17788C1FC251}.Release|x86.ActiveCfg = Release|Win32
		{D6CAB43C-56AE-4695-BDAB-17788C1FC251}.Release|x86.Build.0 = Release|Win32
		{05F852C3-9BEE-4701-A452-02DA8F4A0326}.Debug|x64.ActiveCfg = Debug|x64
		{05F852C3-9BEE-4701-A452-02DA8F4A0326}.Debug|x64.Build.0 = Debug|x64
		{05F852C3-9BEE-4701-A452-02DA8F4A0326}.Debug|x86.ActiveCfg = Debug|Win32
		{05F852C3-9BEE-4701-A452-02DA8F4A0326}.Debug|x86.Build.0 = Debug|Win32
		{05F852C3-9BEE-4701-A452-02DA8F4A0326}.Release|x64.ActiveCfg = Release|x64
		{05F852C3-9BEE-4701-A452-02DA8F4A0326}.Release|x64.Build.0 = Release|x64
		{05F852C3-9BEE-4701-A452-02DA8F4A0326}.Release|x86.ActiveCfg = Release|Win32
		{05F852C3-9BEE-4701-A452-02DA8F4A0326}.Release|x86.Build.0 = Release|Win32
		{63A3982A-98EA-4DFD-BDF5-06BFEEAF710B}.Debug|x64.ActiveCfg = Debug|x64
		{63A3982A-98EA-4DFD-BDF5-06BFEEAF710B}.Debug|x64.Build.0 = Debug|x64
		{63A3982A-98EA-4DFD-BDF5-06BFEEAF710B}.Debug|x86.ActiveCfg = Debug|Win32
		{63A3982A-98EA-4DFD-BDF5-06BFEEAF710B}.Debug|x86.Build.0 = Debug|Win32
		{63A3982A-98EA-4DFD-BDF5-06BFEEAF710B}.Release|x64.ActiveCfg = Release|x64
		{63A3982A-98EA-4DFD-BDF5-06BFEEAF710B}.Release|x64.Build.0 = Release|x64
		{63A3982A-98EA-4DFD-BDF5-06BFEEAF710B}.Release|x86.ActiveCfg = Release|Win32
		{63A3982A-98EA-4DFD-BDF5-06BFEEAF710B}.Release|x86.Build.0 = Release|Win32
	EndGlobalSection
	GlobalSection(SolutionProperties) = preSolution
		HideSolutionNode = FALSE
	EndGlobalSection
	GlobalSection(ExtensibilityGlobals) = postSolution
		SolutionGuid = {586B7C14-3D0D-4D91-93E4-BB87FA2F20E3}
	EndGlobalSection
EndGlobal
