
Microsoft Visual Studio Solution File, Format Version 12.00
# Visual Studio 15
VisualStudioVersion = 15.0.28307.329
MinimumVisualStudioVersion = 10.0.40219.1
Project("{8BC9CEB8-8B4A-11D0-8D11-00A0C91BC942}") = "prog2_triangle", "prog2_triangle\prog2_triangle.vcxproj", "{9B2E9883-9378-4695-981B-45A39ACE0299}"
EndProject
Project("{8BC9CEB8-8B4A-11D0-8D11-00A0C91BC942}") = "prog3_cube", "prog3_cube\prog3_cube.vcxproj", "{D6CAB43C-56AE-4695-BDAB-17788C1FC251}"
EndProject
Project("{8BC9CEB8-8B4A-11D0-8D11-00A0C91BC942}") = "prog4_camera", "prog4_camera\prog4_camera.vcxproj", "{05F852C3-9BEE-4701-A452-02DA8F4A0326}"
EndProject
Project("{8BC9CEB8-8B4A-11D0-8D11-00A0C91BC942}") = "prog5_sutherland", "prog5_sutherland\prog5_sutherland.vcxproj", "{63A3982A-98EA-4DFD-BDF5-06BFEEAF710B}"
EndProject
Project("{8BC9CEB8-8B4A-11D0-8D11-00A0C91BC942}") = "prog6_teapot", "prog6_teapot\prog6_teapot.vcxproj", "{AB08A421-7A87-4C71-B0CC-2A8BADE65D1E}"
EndProject
Project("{8BC9CEB8-8B4A-11D0-8D11-00A0C91BC942}") = "prog1_bresenham", "prog1_bresenham\prog1_bresenham.vcxproj", "{ECC123F7-0064-4863-9B52-0A62A5872C25}"
EndProject
Project("{8BC9CEB8-8B4A-11D0-8D11-00A0C91BC942}") = "prog7_sierpinski", "prog7_sierpinski\prog7_sierpinski.vcxproj", "{0E0F5DB3-E5EE-4A96-83A7-81C4CC98B186}"
EndProject
Project("{8BC9CEB8-8B4A-11D0-8D11-00A0C91BC942}") = "prog8_bezier", "prog8_bezier\prog8_bezier.vcxproj", "{92D4D27E-08A1-42CE-9E9D-56A5081A069F}"
EndProject
Project("{8BC9CEB8-8B4A-11D0-8D11-00A0C91BC942}") = "prog9_scanline", "prog9_scanline\prog9_scanline.vcxproj", "{8800FA1F-4066-40A7-A002-554F9BB9DCDA}"
EndProject
Project("{8BC9CEB8-8B4A-11D0-8D11-00A0C91BC942}") = "sample_points", "sample_points\sample_points.vcxproj", "{E2AA116D-4B9D-42BB-AB6A-866F3F75FD37}"
EndProject
Global
	GlobalSection(SolutionConfigurationPlatforms) = preSolution
		Debug|x64 = Debug|x64
		Debug|x86 = Debug|x86
		Release|x64 = Release|x64
		Release|x86 = Release|x86
	EndGlobalSection
	GlobalSection(ProjectConfigurationPlatforms) = postSolution
		{9B2E9883-9378-4695-981B-45A39ACE0299}.Debug|x64.ActiveCfg = Debug|x64
		{9B2E9883-9378-4695-981B-45A39ACE0299}.Debug|x64.Build.0 = Debug|x64
		{9B2E9883-9378-4695-981B-45A39ACE0299}.Debug|x86.ActiveCfg = Debug|Win32
		{9B2E9883-9378-4695-981B-45A39ACE0299}.Debug|x86.Build.0 = Debug|Win32
		{9B2E9883-9378-4695-981B-45A39ACE0299}.Release|x64.ActiveCfg = Release|x64
		{9B2E9883-9378-4695-981B-45A39ACE0299}.Release|x64.Build.0 = Release|x64
		{9B2E9883-9378-4695-981B-45A39ACE0299}.Release|x86.ActiveCfg = Release|Win32
		{9B2E9883-9378-4695-981B-45A39ACE0299}.Release|x86.Build.0 = Release|Win32
		{D6CAB43C-56AE-4695-BDAB-17788C1FC251}.Debug|x64.ActiveCfg = Debug|x64
		{D6CAB43C-56AE-4695-BDAB-17788C1FC251}.Debug|x64.Build.0 = Debug|x64
		{D6CAB43C-56AE-4695-BDAB-17788C1FC251}.Debug|x86.ActiveCfg = Debug|Win32
		{D6CAB43C-56AE-4695-BDAB-17788C1FC251}.Debug|x86.Build.0 = Debug|Win32
		{D6CAB43C-56AE-4695-BDAB-17788C1FC251}.Release|x64.ActiveCfg = Release|x64
		{D6CAB43C-56AE-4695-BDAB-17788C1FC251}.Release|x64.Build.0 = Release|x64
		{D6CAB43C-56AE-4695-BDAB-17788C1FC251}.Release|x86.ActiveCfg = Release|Win32
		{D6CAB43C-56AE-4695-BDAB-17788C1FC251}.Release|x86.Build.0 = Release|Win32
		{05F852C3-9BEE-4701-A452-02DA8F4A0326}.Debug|x64.ActiveCfg = Debug|x64
		{05F852C3-9BEE-4701-A452-02DA8F4A0326}.Debug|x64.Build.0 = Debug|x64
		{05F852C3-9BEE-4701-A452-02DA8F4A0326}.Debug|x86.ActiveCfg = Debug|Win32
		{05F852C3-9BEE-4701-A452-02DA8F4A0326}.Debug|x86.Build.0 = Debug|Win32
		{05F852C3-9BEE-4701-A452-02DA8F4A0326}.Release|x64.ActiveCfg = Release|x64
		{05F852C3-9BEE-4701-A452-02DA8F4A0326}.Release|x64.Build.0 = Release|x64
		{05F852C3-9BEE-4701-A452-02DA8F4A0326}.Release|x86.ActiveCfg = Release|Win32
		{05F852C3-9BEE-4701-A452-02DA8F4A0326}.Release|x86.Build.0 = Release|Win32
		{63A3982A-98EA-4DFD-BDF5-06BFEEAF710B}.Debug|x64.ActiveCfg = Debug|x64
		{63A3982A-98EA-4DFD-BDF5-06BFEEAF710B}.Debug|x64.Build.0 = Debug|x64
		{63A3982A-98EA-4DFD-BDF5-06BFEEAF710B}.Debug|x86.ActiveCfg = Debug|Win32
		{63A3982A-98EA-4DFD-BDF5-06BFEEAF710B}.Debug|x86.Build.0 = Debug|Win32
		{63A3982A-98EA-4DFD-BDF5-06BFEEAF710B}.Release|x64.ActiveCfg = Release|x64
		{63A3982A-98EA-4DFD-BDF5-06BFEEAF710B}.Release|x64.Build.0 = Release|x64
		{63A3982A-98EA-4DFD-BDF5-06BFEEAF710B}.Release|x86.ActiveCfg = Release|Win32
		{63A3982A-98EA-4DFD-BDF5-06BFEEAF710B}.Release|x86.Build.0 = Release|Win32
		{AB08A421-7A87-4C71-B0CC-2A8BADE65D1E}.Debug|x64.ActiveCfg = Debug|x64
		{AB08A421-7A87-4C71-B0CC-2A8BADE65D1E}.Debug|x64.Build.0 = Debug|x64
		{AB08A421-7A87-4C71-B0CC-2A8BADE65D1E}.Debug|x86.ActiveCfg = Debug|Win32
		{AB08A421-7A87-4C71-B0CC-2A8BADE65D1E}.Debug|x86.Build.0 = Debug|Win32
		{AB08A421-7A87-4C71-B0CC-2A8BADE65D1E}.Release|x64.ActiveCfg = Release|x64
		{AB08A421-7A87-4C71-B0CC-2A8BADE65D1E}.Release|x64.Build.0 = Release|x64
		{AB08A421-7A87-4C71-B0CC-2A8BADE65D1E}.Release|x86.ActiveCfg = Release|Win32
		{AB08A421-7A87-4C71-B0CC-2A8BADE65D1E}.Release|x86.Build.0 = Release|Win32
		{ECC123F7-0064-4863-9B52-0A62A5872C25}.Debug|x64.ActiveCfg = Debug|x64
		{ECC123F7-0064-4863-9B52-0A62A5872C25}.Debug|x64.Build.0 = Debug|x64
		{ECC123F7-0064-4863-9B52-0A62A5872C25}.Debug|x86.ActiveCfg = Debug|Win32
		{ECC123F7-0064-4863-9B52-0A62A5872C25}.Debug|x86.Build.0 = Debug|Win32
		{ECC123F7-0064-4863-9B52-0A62A5872C25}.Release|x64.ActiveCfg = Release|x64
		{ECC123F7-0064-4863-9B52-0A62A5872C25}.Release|x64.Build.0 = Release|x64
		{ECC123F7-0064-4863-9B52-0A62A5872C25}.Release|x86.ActiveCfg = Release|Win32
		{ECC123F7-0064-4863-9B52-0A62A5872C25}.Release|x86.Build.0 = Release|Win32
		{0E0F5DB3-E5EE-4A96-83A7-81C4CC98B186}.Debug|x64.ActiveCfg = Debug|x64
		{0E0F5DB3-E5EE-4A96-83A7-81C4CC98B186}.Debug|x64.Build.0 = Debug|x64
		{0E0F5DB3-E5EE-4A96-83A7-81C4CC98B186}.Debug|x86.ActiveCfg = Debug|Win32
		{0E0F5DB3-E5EE-4A96-83A7-81C4CC98B186}.Debug|x86.Build.0 = Debug|Win32
		{0E0F5DB3-E5EE-4A96-83A7-81C4CC98B186}.Release|x64.ActiveCfg = Release|x64
		{0E0F5DB3-E5EE-4A96-83A7-81C4CC98B186}.Release|x64.Build.0 = Release|x64
		{0E0F5DB3-E5EE-4A96-83A7-81C4CC98B186}.Release|x86.ActiveCfg = Release|Win32
		{0E0F5DB3-E5EE-4A96-83A7-81C4CC98B186}.Release|x86.Build.0 = Release|Win32
		{92D4D27E-08A1-42CE-9E9D-56A5081A069F}.Debug|x64.ActiveCfg = Debug|x64
		{92D4D27E-08A1-42CE-9E9D-56A5081A069F}.Debug|x64.Build.0 = Debug|x64
		{92D4D27E-08A1-42CE-9E9D-56A5081A069F}.Debug|x86.ActiveCfg = Debug|Win32
		{92D4D27E-08A1-42CE-9E9D-56A5081A069F}.Debug|x86.Build.0 = Debug|Win32
		{92D4D27E-08A1-42CE-9E9D-56A5081A069F}.Release|x64.ActiveCfg = Release|x64
		{92D4D27E-08A1-42CE-9E9D-56A5081A069F}.Release|x64.Build.0 = Release|x64
		{92D4D27E-08A1-42CE-9E9D-56A5081A069F}.Release|x86.ActiveCfg = Release|Win32
		{92D4D27E-08A1-42CE-9E9D-56A5081A069F}.Release|x86.Build.0 = Release|Win32
		{8800FA1F-4066-40A7-A002-554F9BB9DCDA}.Debug|x64.ActiveCfg = Debug|x64
		{8800FA1F-4066-40A7-A002-554F9BB9DCDA}.Debug|x64.Build.0 = Debug|x64
		{8800FA1F-4066-40A7-A002-554F9BB9DCDA}.Debug|x86.ActiveCfg = Debug|Win32
		{8800FA1F-4066-40A7-A002-554F9BB9DCDA}.Debug|x86.Build.0 = Debug|Win32
		{8800FA1F-4066-40A7-A002-554F9BB9DCDA}.Release|x64.ActiveCfg = Release|x64
		{8800FA1F-4066-40A7-A002-554F9BB9DCDA}.Release|x64.Build.0 = Release|x64
		{8800FA1F-4066-40A7-A002-554F9BB9DCDA}.Release|x86.ActiveCfg = Release|Win32
		{8800FA1F-4066-40A7-A002-554F9BB9DCDA}.Release|x86.Build.0 = Release|Win32
		{E2AA116D-4B9D-42BB-AB6A-866F3F75FD37}.Debug|x64.ActiveCfg = Debug|x64
		{E2AA116D-4B9D-42BB-AB6A-866F3F75FD37}.Debug|x64.Build.0 = Debug|x64
		{E2AA116D-4B9D-42BB-AB6A-866F3F75FD37}.Debug|x86.ActiveCfg = Debug|Win32
		{E2AA116D-4B9D-42BB-AB6A-866F3F75FD37}.Debug|x86.Build.0 = Debug|Win32
		{E2AA116D-4B9D-42BB-AB6A-866F3F75FD37}.Release|x64.ActiveCfg = Release|x64
		{E2AA116D-4B9D-42BB-AB6A-866F3F75FD37}.Release|x64.Build.0 = Release|x64
		{E2AA116D-4B9D-42BB-AB6A-866F3F75FD37}.Release|x86.ActiveCfg = Release|Win32
		{E2AA116D-4B9D-42BB-AB6A-866F3F75FD37}.Release|x86.Build.0 = Release|Win32
	EndGlobalSection
	GlobalSection(SolutionProperties) = preSolution
		HideSolutionNode = FALSE
	EndGlobalSection
	GlobalSection(ExtensibilityGlobals) = postSolution
		SolutionGuid = {586B7C14-3D0D-4D91-93E4-BB87FA2F20E3}
	EndGlobalSection
EndGlobal
